
Microsoft Visual Studio Solution File, Format Version 12.00
# Visual Studio Version 16
VisualStudioVersion = 16.0.31005.135
MinimumVisualStudioVersion = 10.0.40219.1
Project("{FAE04EC0-301F-11D3-BF4B-00C04F79EFBC}") = "MSHelpdesk", "MSHelpdesk\MSHelpdesk.csproj", "{AD347277-1F4E-4E8B-9876-11C327BA1107}"
EndProject
Global
	GlobalSection(SolutionConfigurationPlatforms) = preSolution
		Debug|Any CPU = Debug|Any CPU
		Release|Any CPU = Release|Any CPU
	EndGlobalSection
	GlobalSection(ProjectConfigurationPlatforms) = postSolution
		{AD347277-1F4E-4E8B-9876-11C327BA1107}.Debug|Any CPU.ActiveCfg = Debug|Any CPU
		{AD347277-1F4E-4E8B-9876-11C327BA1107}.Debug|Any CPU.Build.0 = Debug|Any CPU
		{AD347277-1F4E-4E8B-9876-11C327BA1107}.Release|Any CPU.ActiveCfg = Release|Any CPU
		{AD347277-1F4E-4E8B-9876-11C327BA1107}.Release|Any CPU.Build.0 = Release|Any CPU
	EndGlobalSection
	GlobalSection(SolutionProperties) = preSolution
		HideSolutionNode = FALSE
	EndGlobalSection
	GlobalSection(ExtensibilityGlobals) = postSolution
		SolutionGuid = {7D240695-CD51-4CD7-9E51-6465DE794517}
	EndGlobalSection
EndGlobal
